// !$*UTF8*$!
{
	archiveVersion = 1;
	classes = {
	};
	objectVersion = 56;
	objects = {

/* Begin PBXBuildFile section */
		446BC6582C2B327C00667E20 /* menstrual .swift in Sources */ = {isa = PBXBuildFile; fileRef = 446BC6572C2B327C00667E20 /* menstrual .swift */; };
		446BC65A2C2B328C00667E20 /* follicular .swift in Sources */ = {isa = PBXBuildFile; fileRef = 446BC6592C2B328C00667E20 /* follicular .swift */; };
		446BC65C2C2B329F00667E20 /* ovulatory.swift in Sources */ = {isa = PBXBuildFile; fileRef = 446BC65B2C2B329F00667E20 /* ovulatory.swift */; };
		446BC65E2C2B32AE00667E20 /* luteal.swift in Sources */ = {isa = PBXBuildFile; fileRef = 446BC65D2C2B32AE00667E20 /* luteal.swift */; };
		9389B4002C29F5390057EC30 /* FitCycleApp.swift in Sources */ = {isa = PBXBuildFile; fileRef = 9389B3FF2C29F5390057EC30 /* FitCycleApp.swift */; };
		9389B4022C29F5390057EC30 /* ContentView.swift in Sources */ = {isa = PBXBuildFile; fileRef = 9389B4012C29F5390057EC30 /* ContentView.swift */; };
		9389B4042C29F54D0057EC30 /* Assets.xcassets in Resources */ = {isa = PBXBuildFile; fileRef = 9389B4032C29F54D0057EC30 /* Assets.xcassets */; };
		9389B4072C29F54D0057EC30 /* Preview Assets.xcassets in Resources */ = {isa = PBXBuildFile; fileRef = 9389B4062C29F54D0057EC30 /* Preview Assets.xcassets */; };
		9389B4132C2A771D0057EC30 /* Preview Assets.xcassets in Resources */ = {isa = PBXBuildFile; fileRef = 9389B40D2C2A771D0057EC30 /* Preview Assets.xcassets */; };
		9389B4142C2A771D0057EC30 /* Assets.xcassets in Resources */ = {isa = PBXBuildFile; fileRef = 9389B40F2C2A771D0057EC30 /* Assets.xcassets */; };
		9389B4152C2A771D0057EC30 /* ContentView.swift in Sources */ = {isa = PBXBuildFile; fileRef = 9389B4102C2A771D0057EC30 /* ContentView.swift */; };
		9389B4162C2A771D0057EC30 /* FitCycleApp.swift in Sources */ = {isa = PBXBuildFile; fileRef = 9389B4112C2A771D0057EC30 /* FitCycleApp.swift */; };
		9389B4182C2A774D0057EC30 /* quizChoosePhase.swift in Sources */ = {isa = PBXBuildFile; fileRef = 9389B4172C2A774D0057EC30 /* quizChoosePhase.swift */; };
		9392A6F22C2DD1EE00DEA8F2 /* PlaywriteNGModern-VariableFont_wght.ttf in Resources */ = {isa = PBXBuildFile; fileRef = 9392A6F12C2DD1ED00DEA8F2 /* PlaywriteNGModern-VariableFont_wght.ttf */; };
		9392A6F62C2E4A1F00DEA8F2 /* yoga.swift in Sources */ = {isa = PBXBuildFile; fileRef = 9392A6F52C2E4A1F00DEA8F2 /* yoga.swift */; };
		9392A6F82C2E517D00DEA8F2 /* finish.swift in Sources */ = {isa = PBXBuildFile; fileRef = 9392A6F72C2E517D00DEA8F2 /* finish.swift */; };
		9392A6FA2C2E546500DEA8F2 /* walking.swift in Sources */ = {isa = PBXBuildFile; fileRef = 9392A6F92C2E546500DEA8F2 /* walking.swift */; };
/* End PBXBuildFile section */

/* Begin PBXFileReference section */
		446BC6572C2B327C00667E20 /* menstrual .swift */ = {isa = PBXFileReference; lastKnownFileType = sourcecode.swift; path = "menstrual .swift"; sourceTree = "<group>"; };
		446BC6592C2B328C00667E20 /* follicular .swift */ = {isa = PBXFileReference; lastKnownFileType = sourcecode.swift; path = "follicular .swift"; sourceTree = "<group>"; };
		446BC65B2C2B329F00667E20 /* ovulatory.swift */ = {isa = PBXFileReference; lastKnownFileType = sourcecode.swift; path = ovulatory.swift; sourceTree = "<group>"; };
		446BC65D2C2B32AE00667E20 /* luteal.swift */ = {isa = PBXFileReference; lastKnownFileType = sourcecode.swift; path = luteal.swift; sourceTree = "<group>"; };
		9389B3FC2C29F5390057EC30 /* FitCycle.app */ = {isa = PBXFileReference; explicitFileType = wrapper.application; includeInIndex = 0; path = FitCycle.app; sourceTree = BUILT_PRODUCTS_DIR; };
		9389B3FF2C29F5390057EC30 /* FitCycleApp.swift */ = {isa = PBXFileReference; lastKnownFileType = sourcecode.swift; path = FitCycleApp.swift; sourceTree = "<group>"; };
		9389B4012C29F5390057EC30 /* ContentView.swift */ = {isa = PBXFileReference; lastKnownFileType = sourcecode.swift; path = ContentView.swift; sourceTree = "<group>"; };
		9389B4032C29F54D0057EC30 /* Assets.xcassets */ = {isa = PBXFileReference; lastKnownFileType = folder.assetcatalog; path = Assets.xcassets; sourceTree = "<group>"; };
		9389B4062C29F54D0057EC30 /* Preview Assets.xcassets */ = {isa = PBXFileReference; lastKnownFileType = folder.assetcatalog; path = "Preview Assets.xcassets"; sourceTree = "<group>"; };
		9389B40D2C2A771D0057EC30 /* Preview Assets.xcassets */ = {isa = PBXFileReference; lastKnownFileType = folder.assetcatalog; path = "Preview Assets.xcassets"; sourceTree = "<group>"; };
		9389B40F2C2A771D0057EC30 /* Assets.xcassets */ = {isa = PBXFileReference; lastKnownFileType = folder.assetcatalog; path = Assets.xcassets; sourceTree = "<group>"; };
		9389B4102C2A771D0057EC30 /* ContentView.swift */ = {isa = PBXFileReference; fileEncoding = 4; lastKnownFileType = sourcecode.swift; path = ContentView.swift; sourceTree = "<group>"; };
		9389B4112C2A771D0057EC30 /* FitCycleApp.swift */ = {isa = PBXFileReference; fileEncoding = 4; lastKnownFileType = sourcecode.swift; path = FitCycleApp.swift; sourceTree = "<group>"; };
		9389B4172C2A774D0057EC30 /* quizChoosePhase.swift */ = {isa = PBXFileReference; lastKnownFileType = sourcecode.swift; path = quizChoosePhase.swift; sourceTree = "<group>"; };
		9392A6EE2C2DC1EF00DEA8F2 /* Info.plist */ = {isa = PBXFileReference; lastKnownFileType = text.plist; path = Info.plist; sourceTree = "<group>"; };
		9392A6F12C2DD1ED00DEA8F2 /* PlaywriteNGModern-VariableFont_wght.ttf */ = {isa = PBXFileReference; lastKnownFileType = file; path = "PlaywriteNGModern-VariableFont_wght.ttf"; sourceTree = "<group>"; };
		9392A6F52C2E4A1F00DEA8F2 /* yoga.swift */ = {isa = PBXFileReference; lastKnownFileType = sourcecode.swift; path = yoga.swift; sourceTree = "<group>"; };
		9392A6F72C2E517D00DEA8F2 /* finish.swift */ = {isa = PBXFileReference; lastKnownFileType = sourcecode.swift; path = finish.swift; sourceTree = "<group>"; };
		9392A6F92C2E546500DEA8F2 /* walking.swift */ = {isa = PBXFileReference; lastKnownFileType = sourcecode.swift; path = walking.swift; sourceTree = "<group>"; };
/* End PBXFileReference section */

/* Begin PBXFrameworksBuildPhase section */
		9389B3F92C29F5390057EC30 /* Frameworks */ = {
			isa = PBXFrameworksBuildPhase;
			buildActionMask = 2147483647;
			files = (
			);
			runOnlyForDeploymentPostprocessing = 0;
		};
/* End PBXFrameworksBuildPhase section */

/* Begin PBXGroup section */
		9389B3F32C29F5390057EC30 = {
			isa = PBXGroup;
			children = (
				9389B3FE2C29F5390057EC30 /* FitCycle */,
				9389B3FD2C29F5390057EC30 /* Products */,
			);
			sourceTree = "<group>";
		};
		9389B3FD2C29F5390057EC30 /* Products */ = {
			isa = PBXGroup;
			children = (
				9389B3FC2C29F5390057EC30 /* FitCycle.app */,
			);
			name = Products;
			sourceTree = "<group>";
		};
		9389B3FE2C29F5390057EC30 /* FitCycle */ = {
			isa = PBXGroup;
			children = (
				9392A6F02C2DD18D00DEA8F2 /* CustomFonts */,
				9392A6EE2C2DC1EF00DEA8F2 /* Info.plist */,
				9389B3FF2C29F5390057EC30 /* FitCycleApp.swift */,
				9389B4012C29F5390057EC30 /* ContentView.swift */,
				9389B4172C2A774D0057EC30 /* quizChoosePhase.swift */,
				446BC65B2C2B329F00667E20 /* ovulatory.swift */,
				446BC65D2C2B32AE00667E20 /* luteal.swift */,
				446BC6592C2B328C00667E20 /* follicular .swift */,
				446BC6572C2B327C00667E20 /* menstrual .swift */,
				9392A6F92C2E546500DEA8F2 /* walking.swift */,
				9392A6F52C2E4A1F00DEA8F2 /* yoga.swift */,
				9392A6F72C2E517D00DEA8F2 /* finish.swift */,
				9389B4122C2A771D0057EC30 /* FitCycle */,
				9389B4032C29F54D0057EC30 /* Assets.xcassets */,
				9389B4052C29F54D0057EC30 /* Preview Content */,
			);
			path = FitCycle;
			sourceTree = "<group>";
		};
		9389B4052C29F54D0057EC30 /* Preview Content */ = {
			isa = PBXGroup;
			children = (
				9389B4062C29F54D0057EC30 /* Preview Assets.xcassets */,
			);
			path = "Preview Content";
			sourceTree = "<group>";
		};
		9389B40E2C2A771D0057EC30 /* Preview Content */ = {
			isa = PBXGroup;
			children = (
				9389B40D2C2A771D0057EC30 /* Preview Assets.xcassets */,
			);
			path = "Preview Content";
			sourceTree = "<group>";
		};
		9389B4122C2A771D0057EC30 /* FitCycle */ = {
			isa = PBXGroup;
			children = (
				9389B40E2C2A771D0057EC30 /* Preview Content */,
				9389B40F2C2A771D0057EC30 /* Assets.xcassets */,
				9389B4102C2A771D0057EC30 /* ContentView.swift */,
				9389B4112C2A771D0057EC30 /* FitCycleApp.swift */,
			);
			name = FitCycle;
			sourceTree = "<group>";
		};
		9392A6F02C2DD18D00DEA8F2 /* CustomFonts */ = {
			isa = PBXGroup;
			children = (
				9392A6F12C2DD1ED00DEA8F2 /* PlaywriteNGModern-VariableFont_wght.ttf */,
			);
			path = CustomFonts;
			sourceTree = "<group>";
		};
/* End PBXGroup section */

/* Begin PBXNativeTarget section */
		9389B3FB2C29F5390057EC30 /* FitCycle */ = {
			isa = PBXNativeTarget;
			buildConfigurationList = 9389B40A2C29F54D0057EC30 /* Build configuration list for PBXNativeTarget "FitCycle" */;
			buildPhases = (
				9389B3F82C29F5390057EC30 /* Sources */,
				9389B3F92C29F5390057EC30 /* Frameworks */,
				9389B3FA2C29F5390057EC30 /* Resources */,
			);
			buildRules = (
			);
			dependencies = (
			);
			name = FitCycle;
			productName = FitCycle;
			productReference = 9389B3FC2C29F5390057EC30 /* FitCycle.app */;
			productType = "com.apple.product-type.application";
		};
/* End PBXNativeTarget section */

/* Begin PBXProject section */
		9389B3F42C29F5390057EC30 /* Project object */ = {
			isa = PBXProject;
			attributes = {
				BuildIndependentTargetsInParallel = 1;
				LastSwiftUpdateCheck = 1540;
				LastUpgradeCheck = 1540;
				TargetAttributes = {
					9389B3FB2C29F5390057EC30 = {
						CreatedOnToolsVersion = 15.4;
					};
				};
			};
			buildConfigurationList = 9389B3F72C29F5390057EC30 /* Build configuration list for PBXProject "FitCycle" */;
			compatibilityVersion = "Xcode 14.0";
			developmentRegion = en;
			hasScannedForEncodings = 0;
			knownRegions = (
				en,
				Base,
			);
			mainGroup = 9389B3F32C29F5390057EC30;
			productRefGroup = 9389B3FD2C29F5390057EC30 /* Products */;
			projectDirPath = "";
			projectRoot = "";
			targets = (
				9389B3FB2C29F5390057EC30 /* FitCycle */,
			);
		};
/* End PBXProject section */

/* Begin PBXResourcesBuildPhase section */
		9389B3FA2C29F5390057EC30 /* Resources */ = {
			isa = PBXResourcesBuildPhase;
			buildActionMask = 2147483647;
			files = (
				9389B4072C29F54D0057EC30 /* Preview Assets.xcassets in Resources */,
				9392A6F22C2DD1EE00DEA8F2 /* PlaywriteNGModern-VariableFont_wght.ttf in Resources */,
				9389B4132C2A771D0057EC30 /* Preview Assets.xcassets in Resources */,
				9389B4142C2A771D0057EC30 /* Assets.xcassets in Resources */,
				9389B4042C29F54D0057EC30 /* Assets.xcassets in Resources */,
			);
			runOnlyForDeploymentPostprocessing = 0;
		};
/* End PBXResourcesBuildPhase section */

/* Begin PBXSourcesBuildPhase section */
		9389B3F82C29F5390057EC30 /* Sources */ = {
			isa = PBXSourcesBuildPhase;
			buildActionMask = 2147483647;
			files = (
				9389B4182C2A774D0057EC30 /* quizChoosePhase.swift in Sources */,
				9392A6FA2C2E546500DEA8F2 /* walking.swift in Sources */,
				9389B4162C2A771D0057EC30 /* FitCycleApp.swift in Sources */,
				446BC6582C2B327C00667E20 /* menstrual .swift in Sources */,
				9389B4022C29F5390057EC30 /* ContentView.swift in Sources */,
				446BC65E2C2B32AE00667E20 /* luteal.swift in Sources */,
				9392A6F82C2E517D00DEA8F2 /* finish.swift in Sources */,
				9389B4002C29F5390057EC30 /* FitCycleApp.swift in Sources */,
				9389B4152C2A771D0057EC30 /* ContentView.swift in Sources */,
				446BC65A2C2B328C00667E20 /* follicular .swift in Sources */,
				446BC65C2C2B329F00667E20 /* ovulatory.swift in Sources */,
				9392A6F62C2E4A1F00DEA8F2 /* yoga.swift in Sources */,
			);
			runOnlyForDeploymentPostprocessing = 0;
		};
/* End PBXSourcesBuildPhase section */

/* Begin XCBuildConfiguration section */
		9389B4082C29F54D0057EC30 /* Debug */ = {
			isa = XCBuildConfiguration;
			buildSettings = {
				ALWAYS_SEARCH_USER_PATHS = NO;
				ASSETCATALOG_COMPILER_GENERATE_SWIFT_ASSET_SYMBOL_EXTENSIONS = YES;
				CLANG_ANALYZER_NONNULL = YES;
				CLANG_ANALYZER_NUMBER_OBJECT_CONVERSION = YES_AGGRESSIVE;
				CLANG_CXX_LANGUAGE_STANDARD = "gnu++20";
				CLANG_ENABLE_MODULES = YES;
				CLANG_ENABLE_OBJC_ARC = YES;
				CLANG_ENABLE_OBJC_WEAK = YES;
				CLANG_WARN_BLOCK_CAPTURE_AUTORELEASING = YES;
				CLANG_WARN_BOOL_CONVERSION = YES;
				CLANG_WARN_COMMA = YES;
				CLANG_WARN_CONSTANT_CONVERSION = YES;
				CLANG_WARN_DEPRECATED_OBJC_IMPLEMENTATIONS = YES;
				CLANG_WARN_DIRECT_OBJC_ISA_USAGE = YES_ERROR;
				CLANG_WARN_DOCUMENTATION_COMMENTS = YES;
				CLANG_WARN_EMPTY_BODY = YES;
				CLANG_WARN_ENUM_CONVERSION = YES;
				CLANG_WARN_INFINITE_RECURSION = YES;
				CLANG_WARN_INT_CONVERSION = YES;
				CLANG_WARN_NON_LITERAL_NULL_CONVERSION = YES;
				CLANG_WARN_OBJC_IMPLICIT_RETAIN_SELF = YES;
				CLANG_WARN_OBJC_LITERAL_CONVERSION = YES;
				CLANG_WARN_OBJC_ROOT_CLASS = YES_ERROR;
				CLANG_WARN_QUOTED_INCLUDE_IN_FRAMEWORK_HEADER = YES;
				CLANG_WARN_RANGE_LOOP_ANALYSIS = YES;
				CLANG_WARN_STRICT_PROTOTYPES = YES;
				CLANG_WARN_SUSPICIOUS_MOVE = YES;
				CLANG_WARN_UNGUARDED_AVAILABILITY = YES_AGGRESSIVE;
				CLANG_WARN_UNREACHABLE_CODE = YES;
				CLANG_WARN__DUPLICATE_METHOD_MATCH = YES;
				COPY_PHASE_STRIP = NO;
				DEBUG_INFORMATION_FORMAT = dwarf;
				ENABLE_STRICT_OBJC_MSGSEND = YES;
				ENABLE_TESTABILITY = YES;
				ENABLE_USER_SCRIPT_SANDBOXING = YES;
				GCC_C_LANGUAGE_STANDARD = gnu17;
				GCC_DYNAMIC_NO_PIC = NO;
				GCC_NO_COMMON_BLOCKS = YES;
				GCC_OPTIMIZATION_LEVEL = 0;
				GCC_PREPROCESSOR_DEFINITIONS = (
					"DEBUG=1",
					"$(inherited)",
				);
				GCC_WARN_64_TO_32_BIT_CONVERSION = YES;
				GCC_WARN_ABOUT_RETURN_TYPE = YES_ERROR;
				GCC_WARN_UNDECLARED_SELECTOR = YES;
				GCC_WARN_UNINITIALIZED_AUTOS = YES_AGGRESSIVE;
				GCC_WARN_UNUSED_FUNCTION = YES;
				GCC_WARN_UNUSED_VARIABLE = YES;
				IPHONEOS_DEPLOYMENT_TARGET = 17.5;
				LOCALIZATION_PREFERS_STRING_CATALOGS = YES;
				MTL_ENABLE_DEBUG_INFO = INCLUDE_SOURCE;
				MTL_FAST_MATH = YES;
				ONLY_ACTIVE_ARCH = YES;
				SDKROOT = iphoneos;
				SWIFT_ACTIVE_COMPILATION_CONDITIONS = "DEBUG $(inherited)";
				SWIFT_OPTIMIZATION_LEVEL = "-Onone";
			};
			name = Debug;
		};
		9389B4092C29F54D0057EC30 /* Release */ = {
			isa = XCBuildConfiguration;
			buildSettings = {
				ALWAYS_SEARCH_USER_PATHS = NO;
				ASSETCATALOG_COMPILER_GENERATE_SWIFT_ASSET_SYMBOL_EXTENSIONS = YES;
				CLANG_ANALYZER_NONNULL = YES;
				CLANG_ANALYZER_NUMBER_OBJECT_CONVERSION = YES_AGGRESSIVE;
				CLANG_CXX_LANGUAGE_STANDARD = "gnu++20";
				CLANG_ENABLE_MODULES = YES;
				CLANG_ENABLE_OBJC_ARC = YES;
				CLANG_ENABLE_OBJC_WEAK = YES;
				CLANG_WARN_BLOCK_CAPTURE_AUTORELEASING = YES;
				CLANG_WARN_BOOL_CONVERSION = YES;
				CLANG_WARN_COMMA = YES;
				CLANG_WARN_CONSTANT_CONVERSION = YES;
				CLANG_WARN_DEPRECATED_OBJC_IMPLEMENTATIONS = YES;
				CLANG_WARN_DIRECT_OBJC_ISA_USAGE = YES_ERROR;
				CLANG_WARN_DOCUMENTATION_COMMENTS = YES;
				CLANG_WARN_EMPTY_BODY = YES;
				CLANG_WARN_ENUM_CONVERSION = YES;
				CLANG_WARN_INFINITE_RECURSION = YES;
				CLANG_WARN_INT_CONVERSION = YES;
				CLANG_WARN_NON_LITERAL_NULL_CONVERSION = YES;
				CLANG_WARN_OBJC_IMPLICIT_RETAIN_SELF = YES;
				CLANG_WARN_OBJC_LITERAL_CONVERSION = YES;
				CLANG_WARN_OBJC_ROOT_CLASS = YES_ERROR;
				CLANG_WARN_QUOTED_INCLUDE_IN_FRAMEWORK_HEADER = YES;
				CLANG_WARN_RANGE_LOOP_ANALYSIS = YES;
				CLANG_WARN_STRICT_PROTOTYPES = YES;
				CLANG_WARN_SUSPICIOUS_MOVE = YES;
				CLANG_WARN_UNGUARDED_AVAILABILITY = YES_AGGRESSIVE;
				CLANG_WARN_UNREACHABLE_CODE = YES;
				CLANG_WARN__DUPLICATE_METHOD_MATCH = YES;
				COPY_PHASE_STRIP = NO;
				DEBUG_INFORMATION_FORMAT = "dwarf-with-dsym";
				ENABLE_NS_ASSERTIONS = NO;
				ENABLE_STRICT_OBJC_MSGSEND = YES;
				ENABLE_USER_SCRIPT_SANDBOXING = YES;
				GCC_C_LANGUAGE_STANDARD = gnu17;
				GCC_NO_COMMON_BLOCKS = YES;
				GCC_WARN_64_TO_32_BIT_CONVERSION = YES;
				GCC_WARN_ABOUT_RETURN_TYPE = YES_ERROR;
				GCC_WARN_UNDECLARED_SELECTOR = YES;
				GCC_WARN_UNINITIALIZED_AUTOS = YES_AGGRESSIVE;
				GCC_WARN_UNUSED_FUNCTION = YES;
				GCC_WARN_UNUSED_VARIABLE = YES;
				IPHONEOS_DEPLOYMENT_TARGET = 17.5;
				LOCALIZATION_PREFERS_STRING_CATALOGS = YES;
				MTL_ENABLE_DEBUG_INFO = NO;
				MTL_FAST_MATH = YES;
				SDKROOT = iphoneos;
				SWIFT_COMPILATION_MODE = wholemodule;
				VALIDATE_PRODUCT = YES;
			};
			name = Release;
		};
		9389B40B2C29F54D0057EC30 /* Debug */ = {
			isa = XCBuildConfiguration;
			buildSettings = {
				ASSETCATALOG_COMPILER_APPICON_NAME = AppIcon;
				ASSETCATALOG_COMPILER_GLOBAL_ACCENT_COLOR_NAME = AccentColor;
				CODE_SIGN_STYLE = Automatic;
				CURRENT_PROJECT_VERSION = 1;
				DEVELOPMENT_ASSET_PATHS = "\"FitCycle/Preview Content\"";
				ENABLE_PREVIEWS = YES;
				GENERATE_INFOPLIST_FILE = YES;
				INFOPLIST_FILE = FitCycle/Info.plist;
				INFOPLIST_KEY_CFBundleDisplayName = "";
				INFOPLIST_KEY_LSApplicationCategoryType = "";
				INFOPLIST_KEY_UIApplicationSceneManifest_Generation = YES;
				INFOPLIST_KEY_UIApplicationSupportsIndirectInputEvents = YES;
				INFOPLIST_KEY_UILaunchScreen_Generation = YES;
				INFOPLIST_KEY_UISupportedInterfaceOrientations_iPad = "UIInterfaceOrientationPortrait UIInterfaceOrientationPortraitUpsideDown UIInterfaceOrientationLandscapeLeft UIInterfaceOrientationLandscapeRight";
				INFOPLIST_KEY_UISupportedInterfaceOrientations_iPhone = "UIInterfaceOrientationPortrait UIInterfaceOrientationLandscapeLeft UIInterfaceOrientationLandscapeRight";
				LD_RUNPATH_SEARCH_PATHS = (
					"$(inherited)",
					"@executable_path/Frameworks",
				);
				MARKETING_VERSION = 1.0;
				PRODUCT_BUNDLE_IDENTIFIER = kwk.FitCycle;
				PRODUCT_NAME = "$(TARGET_NAME)";
				SWIFT_EMIT_LOC_STRINGS = YES;
				SWIFT_VERSION = 5.0;
				TARGETED_DEVICE_FAMILY = "1,2";
			};
			name = Debug;
		};
		9389B40C2C29F54D0057EC30 /* Release */ = {
			isa = XCBuildConfiguration;
			buildSettings = {
				ASSETCATALOG_COMPILER_APPICON_NAME = AppIcon;
				ASSETCATALOG_COMPILER_GLOBAL_ACCENT_COLOR_NAME = AccentColor;
				CODE_SIGN_STYLE = Automatic;
				CURRENT_PROJECT_VERSION = 1;
				DEVELOPMENT_ASSET_PATHS = "\"FitCycle/Preview Content\"";
				ENABLE_PREVIEWS = YES;
				GENERATE_INFOPLIST_FILE = YES;
				INFOPLIST_FILE = FitCycle/Info.plist;
				INFOPLIST_KEY_CFBundleDisplayName = "";
				INFOPLIST_KEY_LSApplicationCategoryType = "";
				INFOPLIST_KEY_UIApplicationSceneManifest_Generation = YES;
				INFOPLIST_KEY_UIApplicationSupportsIndirectInputEvents = YES;
				INFOPLIST_KEY_UILaunchScreen_Generation = YES;
				INFOPLIST_KEY_UISupportedInterfaceOrientations_iPad = "UIInterfaceOrientationPortrait UIInterfaceOrientationPortraitUpsideDown UIInterfaceOrientationLandscapeLeft UIInterfaceOrientationLandscapeRight";
				INFOPLIST_KEY_UISupportedInterfaceOrientations_iPhone = "UIInterfaceOrientationPortrait UIInterfaceOrientationLandscapeLeft UIInterfaceOrientationLandscapeRight";
				LD_RUNPATH_SEARCH_PATHS = (
					"$(inherited)",
					"@executable_path/Frameworks",
				);
				MARKETING_VERSION = 1.0;
				PRODUCT_BUNDLE_IDENTIFIER = kwk.FitCycle;
				PRODUCT_NAME = "$(TARGET_NAME)";
				SWIFT_EMIT_LOC_STRINGS = YES;
				SWIFT_VERSION = 5.0;
				TARGETED_DEVICE_FAMILY = "1,2";
			};
			name = Release;
		};
/* End XCBuildConfiguration section */

/* Begin XCConfigurationList section */
		9389B3F72C29F5390057EC30 /* Build configuration list for PBXProject "FitCycle" */ = {
			isa = XCConfigurationList;
			buildConfigurations = (
				9389B4082C29F54D0057EC30 /* Debug */,
				9389B4092C29F54D0057EC30 /* Release */,
			);
			defaultConfigurationIsVisible = 0;
			defaultConfigurationName = Release;
		};
		9389B40A2C29F54D0057EC30 /* Build configuration list for PBXNativeTarget "FitCycle" */ = {
			isa = XCConfigurationList;
			buildConfigurations = (
				9389B40B2C29F54D0057EC30 /* Debug */,
				9389B40C2C29F54D0057EC30 /* Release */,
			);
			defaultConfigurationIsVisible = 0;
			defaultConfigurationName = Release;
		};
/* End XCConfigurationList section */
	};
	rootObject = 9389B3F42C29F5390057EC30 /* Project object */;
}
